{
  "name": "app",
  "lockfileVersion": 3,
  "requires": true,
  "packages": {
    "": {
      "dependencies": {
        "jupyter-book": "^2.1.0"
      }
    },
    "node_modules/jupyter-book": {
      "version": "2.1.0",
      "resolved": "https://registry.npmjs.org/jupyter-book/-/jupyter-book-2.1.0.tgz",
      "integrity": "sha512-xDykCuEz5Jrhc+8eIRMTXUId39nQX8mzeyh99VC+FkpjAPPEob+8wZeTnIXx4W3Mc2U5l9+W9InTpCk0sKsVpA==",
      "license": "BSD-3-Clause",
      "bin": {
        "jupyter-book": "py/jupyter_book/dist/jupyter-book.cjs"
      },
      "engines": {
        "node": ">=18.0.0",
        "npm": ">=10.7.0"
      }
    }
  }
}
